
Microsoft Visual Studio Solution File, Format Version 12.00
# Visual Studio Version 16
VisualStudioVersion = 16.0.31321.278
MinimumVisualStudioVersion = 10.0.40219.1
Project("{2150E333-8FDC-42A3-9474-1A3956D46DE8}") = "src", "src", "{ACD157B8-8652-4303-A31A-78A0269176E8}"
EndProject
Project("{2150E333-8FDC-42A3-9474-1A3956D46DE8}") = "Building Blocks", "Building Blocks", "{069C97E1-10E7-4F40-829B-8E0B71992B87}"
EndProject
Project("{2150E333-8FDC-42A3-9474-1A3956D46DE8}") = "Services", "Services", "{95672CCF-4556-4C0E-B153-5352619409F4}"
EndProject
Project("{2150E333-8FDC-42A3-9474-1A3956D46DE8}") = "Web", "Web", "{C2F676EC-FBE9-4F19-A747-80616BC91802}"
EndProject
Project("{2150E333-8FDC-42A3-9474-1A3956D46DE8}") = "Identidade", "Identidade", "{FD777357-D51E-4471-A477-656D8588188D}"
EndProject
Project("{2150E333-8FDC-42A3-9474-1A3956D46DE8}") = "MVC", "MVC", "{719C14E5-737D-40E3-9CFD-7C49CDF91482}"
EndProject
Project("{2150E333-8FDC-42A3-9474-1A3956D46DE8}") = "Core", "Core", "{D06A3450-52DD-46CB-98C5-904FB1FD02A2}"
EndProject
Project("{FAE04EC0-301F-11D3-BF4B-00C04F79EFBC}") = "NSE.WebApp.MVC", "src\web\NSE.WebApp.MVC\NSE.WebApp.MVC.csproj", "{7609AE1E-B3E7-4D14-A911-A87CB943BB83}"
EndProject
Project("{FAE04EC0-301F-11D3-BF4B-00C04F79EFBC}") = "NSE.Core", "src\building blocks\NSE.Core\NSE.Core.csproj", "{1169A962-0CCD-409E-B8AA-B1895C086529}"
EndProject
Project("{FAE04EC0-301F-11D3-BF4B-00C04F79EFBC}") = "NSE.Identidade.API", "src\services\NSE.Identidade.API\NSE.Identidade.API.csproj", "{13D5EF57-17C4-46F2-AAC2-05A08286C578}"
EndProject
Project("{2150E333-8FDC-42A3-9474-1A3956D46DE8}") = "Carrinho", "Carrinho", "{7459507C-1067-4925-892E-9FDADE11B5E0}"
EndProject
Project("{FAE04EC0-301F-11D3-BF4B-00C04F79EFBC}") = "NSE.Carrinho.API", "src\services\NSE.Carrinho.API\NSE.Carrinho.API.csproj", "{2493DFB6-D928-42D2-AF52-447829FF91DC}"
EndProject
Project("{2150E333-8FDC-42A3-9474-1A3956D46DE8}") = "Catalogo", "Catalogo", "{69331C3D-1BC9-4AF4-AC31-0EAFC53F747A}"
EndProject
Project("{FAE04EC0-301F-11D3-BF4B-00C04F79EFBC}") = "NSE.Catalogo.API", "src\services\NSE.Catalogo.API\NSE.Catalogo.API.csproj", "{D5FC52D0-65C7-4AE9-836F-634B98017C7D}"
EndProject
Global
	GlobalSection(SolutionConfigurationPlatforms) = preSolution
		Debug|Any CPU = Debug|Any CPU
		Release|Any CPU = Release|Any CPU
	EndGlobalSection
	GlobalSection(ProjectConfigurationPlatforms) = postSolution
		{7609AE1E-B3E7-4D14-A911-A87CB943BB83}.Debug|Any CPU.ActiveCfg = Debug|Any CPU
		{7609AE1E-B3E7-4D14-A911-A87CB943BB83}.Debug|Any CPU.Build.0 = Debug|Any CPU
		{7609AE1E-B3E7-4D14-A911-A87CB943BB83}.Release|Any CPU.ActiveCfg = Release|Any CPU
		{7609AE1E-B3E7-4D14-A911-A87CB943BB83}.Release|Any CPU.Build.0 = Release|Any CPU
		{1169A962-0CCD-409E-B8AA-B1895C086529}.Debug|Any CPU.ActiveCfg = Debug|Any CPU
		{1169A962-0CCD-409E-B8AA-B1895C086529}.Debug|Any CPU.Build.0 = Debug|Any CPU
		{1169A962-0CCD-409E-B8AA-B1895C086529}.Release|Any CPU.ActiveCfg = Release|Any CPU
		{1169A962-0CCD-409E-B8AA-B1895C086529}.Release|Any CPU.Build.0 = Release|Any CPU
		{13D5EF57-17C4-46F2-AAC2-05A08286C578}.Debug|Any CPU.ActiveCfg = Debug|Any CPU
		{13D5EF57-17C4-46F2-AAC2-05A08286C578}.Debug|Any CPU.Build.0 = Debug|Any CPU
		{13D5EF57-17C4-46F2-AAC2-05A08286C578}.Release|Any CPU.ActiveCfg = Release|Any CPU
		{13D5EF57-17C4-46F2-AAC2-05A08286C578}.Release|Any CPU.Build.0 = Release|Any CPU
		{2493DFB6-D928-42D2-AF52-447829FF91DC}.Debug|Any CPU.ActiveCfg = Debug|Any CPU
		{2493DFB6-D928-42D2-AF52-447829FF91DC}.Debug|Any CPU.Build.0 = Debug|Any CPU
		{2493DFB6-D928-42D2-AF52-447829FF91DC}.Release|Any CPU.ActiveCfg = Release|Any CPU
		{2493DFB6-D928-42D2-AF52-447829FF91DC}.Release|Any CPU.Build.0 = Release|Any CPU
		{D5FC52D0-65C7-4AE9-836F-634B98017C7D}.Debug|Any CPU.ActiveCfg = Debug|Any CPU
		{D5FC52D0-65C7-4AE9-836F-634B98017C7D}.Debug|Any CPU.Build.0 = Debug|Any CPU
		{D5FC52D0-65C7-4AE9-836F-634B98017C7D}.Release|Any CPU.ActiveCfg = Release|Any CPU
		{D5FC52D0-65C7-4AE9-836F-634B98017C7D}.Release|Any CPU.Build.0 = Release|Any CPU
	EndGlobalSection
	GlobalSection(SolutionProperties) = preSolution
		HideSolutionNode = FALSE
	EndGlobalSection
	GlobalSection(NestedProjects) = preSolution
		{069C97E1-10E7-4F40-829B-8E0B71992B87} = {ACD157B8-8652-4303-A31A-78A0269176E8}
		{95672CCF-4556-4C0E-B153-5352619409F4} = {ACD157B8-8652-4303-A31A-78A0269176E8}
		{C2F676EC-FBE9-4F19-A747-80616BC91802} = {ACD157B8-8652-4303-A31A-78A0269176E8}
		{FD777357-D51E-4471-A477-656D8588188D} = {95672CCF-4556-4C0E-B153-5352619409F4}
		{719C14E5-737D-40E3-9CFD-7C49CDF91482} = {C2F676EC-FBE9-4F19-A747-80616BC91802}
		{D06A3450-52DD-46CB-98C5-904FB1FD02A2} = {069C97E1-10E7-4F40-829B-8E0B71992B87}
		{7609AE1E-B3E7-4D14-A911-A87CB943BB83} = {719C14E5-737D-40E3-9CFD-7C49CDF91482}
		{1169A962-0CCD-409E-B8AA-B1895C086529} = {D06A3450-52DD-46CB-98C5-904FB1FD02A2}
		{13D5EF57-17C4-46F2-AAC2-05A08286C578} = {FD777357-D51E-4471-A477-656D8588188D}
		{7459507C-1067-4925-892E-9FDADE11B5E0} = {95672CCF-4556-4C0E-B153-5352619409F4}
		{2493DFB6-D928-42D2-AF52-447829FF91DC} = {7459507C-1067-4925-892E-9FDADE11B5E0}
		{69331C3D-1BC9-4AF4-AC31-0EAFC53F747A} = {95672CCF-4556-4C0E-B153-5352619409F4}
		{D5FC52D0-65C7-4AE9-836F-634B98017C7D} = {69331C3D-1BC9-4AF4-AC31-0EAFC53F747A}
	EndGlobalSection
	GlobalSection(ExtensibilityGlobals) = postSolution
		SolutionGuid = {0BC7FE0F-B195-4798-9315-C2B95026AF20}
	EndGlobalSection
EndGlobal
