
Microsoft Visual Studio Solution File, Format Version 12.00
# Visual Studio Version 16
VisualStudioVersion = 16.0.31321.278
MinimumVisualStudioVersion = 10.0.40219.1
Project("{2150E333-8FDC-42A3-9474-1A3956D46DE8}") = "src", "src", "{ACD157B8-8652-4303-A31A-78A0269176E8}"
EndProject
Project("{2150E333-8FDC-42A3-9474-1A3956D46DE8}") = "Building Blocks", "Building Blocks", "{069C97E1-10E7-4F40-829B-8E0B71992B87}"
EndProject
Project("{2150E333-8FDC-42A3-9474-1A3956D46DE8}") = "Services", "Services", "{95672CCF-4556-4C0E-B153-5352619409F4}"
EndProject
Project("{2150E333-8FDC-42A3-9474-1A3956D46DE8}") = "Web", "Web", "{C2F676EC-FBE9-4F19-A747-80616BC91802}"
EndProject
Project("{2150E333-8FDC-42A3-9474-1A3956D46DE8}") = "Identidade", "Identidade", "{FD777357-D51E-4471-A477-656D8588188D}"
EndProject
Project("{2150E333-8FDC-42A3-9474-1A3956D46DE8}") = "MVC", "MVC", "{719C14E5-737D-40E3-9CFD-7C49CDF91482}"
EndProject
Project("{2150E333-8FDC-42A3-9474-1A3956D46DE8}") = "Core", "Core", "{D06A3450-52DD-46CB-98C5-904FB1FD02A2}"
EndProject
Project("{9A19103F-16F7-4668-BE54-9A1E7A4F7556}") = "NSE.WebApp.MVC", "src\web\NSE.WebApp.MVC\NSE.WebApp.MVC.csproj", "{7609AE1E-B3E7-4D14-A911-A87CB943BB83}"
EndProject
Project("{9A19103F-16F7-4668-BE54-9A1E7A4F7556}") = "NSE.Core", "src\building blocks\NSE.Core\NSE.Core.csproj", "{1169A962-0CCD-409E-B8AA-B1895C086529}"
EndProject
Project("{9A19103F-16F7-4668-BE54-9A1E7A4F7556}") = "NSE.Identidade.API", "src\services\NSE.Identidade.API\NSE.Identidade.API.csproj", "{13D5EF57-17C4-46F2-AAC2-05A08286C578}"
EndProject
Project("{2150E333-8FDC-42A3-9474-1A3956D46DE8}") = "Carrinho", "Carrinho", "{7459507C-1067-4925-892E-9FDADE11B5E0}"
EndProject
Project("{9A19103F-16F7-4668-BE54-9A1E7A4F7556}") = "NSE.Carrinho.API", "src\services\NSE.Carrinho.API\NSE.Carrinho.API.csproj", "{2493DFB6-D928-42D2-AF52-447829FF91DC}"
EndProject
Project("{2150E333-8FDC-42A3-9474-1A3956D46DE8}") = "Catalogo", "Catalogo", "{69331C3D-1BC9-4AF4-AC31-0EAFC53F747A}"
EndProject
Project("{9A19103F-16F7-4668-BE54-9A1E7A4F7556}") = "NSE.Catalogo.API", "src\services\NSE.Catalogo.API\NSE.Catalogo.API.csproj", "{D5FC52D0-65C7-4AE9-836F-634B98017C7D}"
EndProject
Project("{2150E333-8FDC-42A3-9474-1A3956D46DE8}") = "Cliente", "Cliente", "{A7613618-7DB1-4261-A290-FFB980CEC370}"
EndProject
Project("{9A19103F-16F7-4668-BE54-9A1E7A4F7556}") = "NSE.Cliente.API", "src\services\NSE.Cliente.API\NSE.Cliente.API.csproj", "{6B45F28D-3467-43BB-9E84-D524C209E7A1}"
EndProject
Project("{2150E333-8FDC-42A3-9474-1A3956D46DE8}") = "Pagamento", "Pagamento", "{0586D909-3E77-4BE9-92B1-6DC96F61CC0C}"
EndProject
Project("{9A19103F-16F7-4668-BE54-9A1E7A4F7556}") = "NSE.Pagamento.API", "src\services\NSE.Pagamento.API\NSE.Pagamento.API.csproj", "{1B962299-D1EB-459D-BAF1-DFEEC0FB59DE}"
EndProject
Project("{2150E333-8FDC-42A3-9474-1A3956D46DE8}") = "Pedido", "Pedido", "{CFB41BA9-8D18-4C8C-9A59-D9CA02A735C6}"
EndProject
Project("{9A19103F-16F7-4668-BE54-9A1E7A4F7556}") = "NSE.Pedidos.API", "src\services\NSE.Pedido.API\NSE.Pedidos.API.csproj", "{729F8177-F3C6-457A-8670-3707D9A98D8A}"
EndProject
Project("{2150E333-8FDC-42A3-9474-1A3956D46DE8}") = "Services", "Services", "{A6DA8E32-8020-44E6-96FF-B3BDE5BCAC66}"
EndProject
Project("{9A19103F-16F7-4668-BE54-9A1E7A4F7556}") = "NSE.WebAPI.Core", "src\building blocks\NSE.WebAPI.Core\NSE.WebAPI.Core.csproj", "{0C1E8616-4428-408B-BE36-15C3D6113C7A}"
EndProject
Project("{2150E333-8FDC-42A3-9474-1A3956D46DE8}") = "MessageBus", "MessageBus", "{375C4A75-DF59-4956-A0A4-A30FC4B70193}"
EndProject
Project("{9A19103F-16F7-4668-BE54-9A1E7A4F7556}") = "NSE.MessageBus", "src\building blocks\NSE.MessageBus\NSE.MessageBus.csproj", "{FCD9E2CF-54EC-4BD7-A7FE-ABF923149421}"
EndProject
Project("{2150E333-8FDC-42A3-9474-1A3956D46DE8}") = "ApiGateways", "ApiGateways", "{3821726F-699C-4F5A-A561-0988ED9A96EC}"
EndProject
Project("{2150E333-8FDC-42A3-9474-1A3956D46DE8}") = "Compras", "Compras", "{3FAFC91F-B629-4715-880C-7FC060EA6EA3}"
EndProject
Project("{9A19103F-16F7-4668-BE54-9A1E7A4F7556}") = "NSE.Bff.Compras", "src\api gateways\NSE.Bff.Compras\NSE.Bff.Compras.csproj", "{6EA6A52D-AB74-48AF-9F70-4A1EF1E6B4DF}"
EndProject
Project("{FAE04EC0-301F-11D3-BF4B-00C04F79EFBC}") = "NSE.Pedidos.Domain", "src\services\NSE.Pedido.Domain\NSE.Pedidos.Domain.csproj", "{9C8FC9C6-35B6-449E-82C7-ADDDE7A68E82}"
EndProject
Project("{FAE04EC0-301F-11D3-BF4B-00C04F79EFBC}") = "NSE.Pedidos.Infra", "src\services\NSE.Pedido.Infra\NSE.Pedidos.Infra.csproj", "{7F8A4C7D-1D05-4D10-AFC7-24CC72E0468C}"
EndProject
Global
	GlobalSection(SolutionConfigurationPlatforms) = preSolution
		Debug|Any CPU = Debug|Any CPU
		Release|Any CPU = Release|Any CPU
	EndGlobalSection
	GlobalSection(ProjectConfigurationPlatforms) = postSolution
		{7609AE1E-B3E7-4D14-A911-A87CB943BB83}.Debug|Any CPU.ActiveCfg = Debug|Any CPU
		{7609AE1E-B3E7-4D14-A911-A87CB943BB83}.Debug|Any CPU.Build.0 = Debug|Any CPU
		{7609AE1E-B3E7-4D14-A911-A87CB943BB83}.Release|Any CPU.ActiveCfg = Release|Any CPU
		{7609AE1E-B3E7-4D14-A911-A87CB943BB83}.Release|Any CPU.Build.0 = Release|Any CPU
		{1169A962-0CCD-409E-B8AA-B1895C086529}.Debug|Any CPU.ActiveCfg = Debug|Any CPU
		{1169A962-0CCD-409E-B8AA-B1895C086529}.Debug|Any CPU.Build.0 = Debug|Any CPU
		{1169A962-0CCD-409E-B8AA-B1895C086529}.Release|Any CPU.ActiveCfg = Release|Any CPU
		{1169A962-0CCD-409E-B8AA-B1895C086529}.Release|Any CPU.Build.0 = Release|Any CPU
		{13D5EF57-17C4-46F2-AAC2-05A08286C578}.Debug|Any CPU.ActiveCfg = Debug|Any CPU
		{13D5EF57-17C4-46F2-AAC2-05A08286C578}.Debug|Any CPU.Build.0 = Debug|Any CPU
		{13D5EF57-17C4-46F2-AAC2-05A08286C578}.Release|Any CPU.ActiveCfg = Release|Any CPU
		{13D5EF57-17C4-46F2-AAC2-05A08286C578}.Release|Any CPU.Build.0 = Release|Any CPU
		{2493DFB6-D928-42D2-AF52-447829FF91DC}.Debug|Any CPU.ActiveCfg = Debug|Any CPU
		{2493DFB6-D928-42D2-AF52-447829FF91DC}.Debug|Any CPU.Build.0 = Debug|Any CPU
		{2493DFB6-D928-42D2-AF52-447829FF91DC}.Release|Any CPU.ActiveCfg = Release|Any CPU
		{2493DFB6-D928-42D2-AF52-447829FF91DC}.Release|Any CPU.Build.0 = Release|Any CPU
		{D5FC52D0-65C7-4AE9-836F-634B98017C7D}.Debug|Any CPU.ActiveCfg = Debug|Any CPU
		{D5FC52D0-65C7-4AE9-836F-634B98017C7D}.Debug|Any CPU.Build.0 = Debug|Any CPU
		{D5FC52D0-65C7-4AE9-836F-634B98017C7D}.Release|Any CPU.ActiveCfg = Release|Any CPU
		{D5FC52D0-65C7-4AE9-836F-634B98017C7D}.Release|Any CPU.Build.0 = Release|Any CPU
		{6B45F28D-3467-43BB-9E84-D524C209E7A1}.Debug|Any CPU.ActiveCfg = Debug|Any CPU
		{6B45F28D-3467-43BB-9E84-D524C209E7A1}.Debug|Any CPU.Build.0 = Debug|Any CPU
		{6B45F28D-3467-43BB-9E84-D524C209E7A1}.Release|Any CPU.ActiveCfg = Release|Any CPU
		{6B45F28D-3467-43BB-9E84-D524C209E7A1}.Release|Any CPU.Build.0 = Release|Any CPU
		{1B962299-D1EB-459D-BAF1-DFEEC0FB59DE}.Debug|Any CPU.ActiveCfg = Debug|Any CPU
		{1B962299-D1EB-459D-BAF1-DFEEC0FB59DE}.Debug|Any CPU.Build.0 = Debug|Any CPU
		{1B962299-D1EB-459D-BAF1-DFEEC0FB59DE}.Release|Any CPU.ActiveCfg = Release|Any CPU
		{1B962299-D1EB-459D-BAF1-DFEEC0FB59DE}.Release|Any CPU.Build.0 = Release|Any CPU
		{729F8177-F3C6-457A-8670-3707D9A98D8A}.Debug|Any CPU.ActiveCfg = Debug|Any CPU
		{729F8177-F3C6-457A-8670-3707D9A98D8A}.Debug|Any CPU.Build.0 = Debug|Any CPU
		{729F8177-F3C6-457A-8670-3707D9A98D8A}.Release|Any CPU.ActiveCfg = Release|Any CPU
		{729F8177-F3C6-457A-8670-3707D9A98D8A}.Release|Any CPU.Build.0 = Release|Any CPU
		{0C1E8616-4428-408B-BE36-15C3D6113C7A}.Debug|Any CPU.ActiveCfg = Debug|Any CPU
		{0C1E8616-4428-408B-BE36-15C3D6113C7A}.Debug|Any CPU.Build.0 = Debug|Any CPU
		{0C1E8616-4428-408B-BE36-15C3D6113C7A}.Release|Any CPU.ActiveCfg = Release|Any CPU
		{0C1E8616-4428-408B-BE36-15C3D6113C7A}.Release|Any CPU.Build.0 = Release|Any CPU
		{FCD9E2CF-54EC-4BD7-A7FE-ABF923149421}.Debug|Any CPU.ActiveCfg = Debug|Any CPU
		{FCD9E2CF-54EC-4BD7-A7FE-ABF923149421}.Debug|Any CPU.Build.0 = Debug|Any CPU
		{FCD9E2CF-54EC-4BD7-A7FE-ABF923149421}.Release|Any CPU.ActiveCfg = Release|Any CPU
		{FCD9E2CF-54EC-4BD7-A7FE-ABF923149421}.Release|Any CPU.Build.0 = Release|Any CPU
		{6EA6A52D-AB74-48AF-9F70-4A1EF1E6B4DF}.Debug|Any CPU.ActiveCfg = Debug|Any CPU
		{6EA6A52D-AB74-48AF-9F70-4A1EF1E6B4DF}.Debug|Any CPU.Build.0 = Debug|Any CPU
		{6EA6A52D-AB74-48AF-9F70-4A1EF1E6B4DF}.Release|Any CPU.ActiveCfg = Release|Any CPU
		{6EA6A52D-AB74-48AF-9F70-4A1EF1E6B4DF}.Release|Any CPU.Build.0 = Release|Any CPU
		{9C8FC9C6-35B6-449E-82C7-ADDDE7A68E82}.Debug|Any CPU.ActiveCfg = Debug|Any CPU
		{9C8FC9C6-35B6-449E-82C7-ADDDE7A68E82}.Debug|Any CPU.Build.0 = Debug|Any CPU
		{9C8FC9C6-35B6-449E-82C7-ADDDE7A68E82}.Release|Any CPU.ActiveCfg = Release|Any CPU
		{9C8FC9C6-35B6-449E-82C7-ADDDE7A68E82}.Release|Any CPU.Build.0 = Release|Any CPU
		{7F8A4C7D-1D05-4D10-AFC7-24CC72E0468C}.Debug|Any CPU.ActiveCfg = Debug|Any CPU
		{7F8A4C7D-1D05-4D10-AFC7-24CC72E0468C}.Debug|Any CPU.Build.0 = Debug|Any CPU
		{7F8A4C7D-1D05-4D10-AFC7-24CC72E0468C}.Release|Any CPU.ActiveCfg = Release|Any CPU
		{7F8A4C7D-1D05-4D10-AFC7-24CC72E0468C}.Release|Any CPU.Build.0 = Release|Any CPU
	EndGlobalSection
	GlobalSection(SolutionProperties) = preSolution
		HideSolutionNode = FALSE
	EndGlobalSection
	GlobalSection(NestedProjects) = preSolution
		{069C97E1-10E7-4F40-829B-8E0B71992B87} = {ACD157B8-8652-4303-A31A-78A0269176E8}
		{95672CCF-4556-4C0E-B153-5352619409F4} = {ACD157B8-8652-4303-A31A-78A0269176E8}
		{C2F676EC-FBE9-4F19-A747-80616BC91802} = {ACD157B8-8652-4303-A31A-78A0269176E8}
		{FD777357-D51E-4471-A477-656D8588188D} = {95672CCF-4556-4C0E-B153-5352619409F4}
		{719C14E5-737D-40E3-9CFD-7C49CDF91482} = {C2F676EC-FBE9-4F19-A747-80616BC91802}
		{D06A3450-52DD-46CB-98C5-904FB1FD02A2} = {069C97E1-10E7-4F40-829B-8E0B71992B87}
		{7609AE1E-B3E7-4D14-A911-A87CB943BB83} = {719C14E5-737D-40E3-9CFD-7C49CDF91482}
		{1169A962-0CCD-409E-B8AA-B1895C086529} = {D06A3450-52DD-46CB-98C5-904FB1FD02A2}
		{13D5EF57-17C4-46F2-AAC2-05A08286C578} = {FD777357-D51E-4471-A477-656D8588188D}
		{7459507C-1067-4925-892E-9FDADE11B5E0} = {95672CCF-4556-4C0E-B153-5352619409F4}
		{2493DFB6-D928-42D2-AF52-447829FF91DC} = {7459507C-1067-4925-892E-9FDADE11B5E0}
		{69331C3D-1BC9-4AF4-AC31-0EAFC53F747A} = {95672CCF-4556-4C0E-B153-5352619409F4}
		{D5FC52D0-65C7-4AE9-836F-634B98017C7D} = {69331C3D-1BC9-4AF4-AC31-0EAFC53F747A}
		{A7613618-7DB1-4261-A290-FFB980CEC370} = {95672CCF-4556-4C0E-B153-5352619409F4}
		{6B45F28D-3467-43BB-9E84-D524C209E7A1} = {A7613618-7DB1-4261-A290-FFB980CEC370}
		{0586D909-3E77-4BE9-92B1-6DC96F61CC0C} = {95672CCF-4556-4C0E-B153-5352619409F4}
		{1B962299-D1EB-459D-BAF1-DFEEC0FB59DE} = {0586D909-3E77-4BE9-92B1-6DC96F61CC0C}
		{CFB41BA9-8D18-4C8C-9A59-D9CA02A735C6} = {95672CCF-4556-4C0E-B153-5352619409F4}
		{729F8177-F3C6-457A-8670-3707D9A98D8A} = {CFB41BA9-8D18-4C8C-9A59-D9CA02A735C6}
		{A6DA8E32-8020-44E6-96FF-B3BDE5BCAC66} = {069C97E1-10E7-4F40-829B-8E0B71992B87}
		{0C1E8616-4428-408B-BE36-15C3D6113C7A} = {A6DA8E32-8020-44E6-96FF-B3BDE5BCAC66}
		{375C4A75-DF59-4956-A0A4-A30FC4B70193} = {069C97E1-10E7-4F40-829B-8E0B71992B87}
		{FCD9E2CF-54EC-4BD7-A7FE-ABF923149421} = {375C4A75-DF59-4956-A0A4-A30FC4B70193}
		{3821726F-699C-4F5A-A561-0988ED9A96EC} = {ACD157B8-8652-4303-A31A-78A0269176E8}
		{3FAFC91F-B629-4715-880C-7FC060EA6EA3} = {3821726F-699C-4F5A-A561-0988ED9A96EC}
		{6EA6A52D-AB74-48AF-9F70-4A1EF1E6B4DF} = {3FAFC91F-B629-4715-880C-7FC060EA6EA3}
		{9C8FC9C6-35B6-449E-82C7-ADDDE7A68E82} = {CFB41BA9-8D18-4C8C-9A59-D9CA02A735C6}
		{7F8A4C7D-1D05-4D10-AFC7-24CC72E0468C} = {CFB41BA9-8D18-4C8C-9A59-D9CA02A735C6}
	EndGlobalSection
	GlobalSection(ExtensibilityGlobals) = postSolution
		SolutionGuid = {0BC7FE0F-B195-4798-9315-C2B95026AF20}
	EndGlobalSection
EndGlobal
